# THIS IS AN AUTOGENERATED FILE. DO NOT EDIT THIS FILE DIRECTLY.
# yarn lockfile v1


"@types/node@^8.0.34":
  version "8.0.34"
  resolved "https://registry.npmjs.org/@types/node/-/node-8.0.34.tgz"

acorn-dynamic-import@^2.0.0:
  version "2.0.2"
  resolved "https://registry.npmjs.org/acorn-dynamic-import/-/acorn-dynamic-import-2.0.2.tgz"
  dependencies:
    acorn "^4.0.3"

acorn@^4.0.3:
  version "4.0.13"
  resolved "https://registry.npmjs.org/acorn/-/acorn-4.0.13.tgz"

acorn@^5.0.0:
  version "5.1.2"
  resolved "https://registry.npmjs.org/acorn/-/acorn-5.1.2.tgz"

ajv-keywords@^2.0.0:
  version "2.1.0"
  resolved "https://registry.npmjs.org/ajv-keywords/-/ajv-keywords-2.1.0.tgz"

ajv@^5.1.5:
  version "5.2.3"
  resolved "https://registry.npmjs.org/ajv/-/ajv-5.2.3.tgz"
  dependencies:
    co "^4.6.0"
    fast-deep-equal "^1.0.0"
    json-schema-traverse "^0.3.0"
    json-stable-stringify "^1.0.1"

align-text@^0.1.1, align-text@^0.1.3:
  version "0.1.4"
  resolved "https://registry.npmjs.org/align-text/-/align-text-0.1.4.tgz"
  dependencies:
    kind-of "^3.0.2"
    longest "^1.0.1"
    repeat-string "^1.5.2"

ansi-regex@^2.0.0:
  version "2.1.1"
  resolved "https://registry.npmjs.org/ansi-regex/-/ansi-regex-2.1.1.tgz"

ansi-regex@^3.0.0:
  version "3.0.0"
  resolved "https://registry.npmjs.org/ansi-regex/-/ansi-regex-3.0.0.tgz"

anymatch@^1.3.0:
  version "1.3.2"
  resolved "https://registry.npmjs.org/anymatch/-/anymatch-1.3.2.tgz"
  dependencies:
    micromatch "^2.1.5"
    normalize-path "^2.0.0"

arr-diff@^2.0.0:
  version "2.0.0"
  resolved "https://registry.npmjs.org/arr-diff/-/arr-diff-2.0.0.tgz"
  dependencies:
    arr-flatten "^1.0.1"

arr-flatten@^1.0.1:
  version "1.1.0"
  resolved "https://registry.npmjs.org/arr-flatten/-/arr-flatten-1.1.0.tgz"

array-unique@^0.2.1:
  version "0.2.1"
  resolved "https://registry.npmjs.org/array-unique/-/array-unique-0.2.1.tgz"

asn1.js@^4.0.0:
  version "4.9.1"
  resolved "https://registry.npmjs.org/asn1.js/-/asn1.js-4.9.1.tgz"
  dependencies:
    bn.js "^4.0.0"
    inherits "^2.0.1"
    minimalistic-assert "^1.0.0"

assert@^1.1.1:
  version "1.4.1"
  resolved "https://registry.npmjs.org/assert/-/assert-1.4.1.tgz"
  dependencies:
    util "0.10.3"

async-each@^1.0.0:
  version "1.0.1"
  resolved "https://registry.npmjs.org/async-each/-/async-each-1.0.1.tgz"

async@^2.1.2:
  version "2.5.0"
  resolved "https://registry.npmjs.org/async/-/async-2.5.0.tgz"
  dependencies:
    lodash "^4.14.0"

balanced-match@^1.0.0:
  version "1.0.0"
  resolved "https://registry.npmjs.org/balanced-match/-/balanced-match-1.0.0.tgz"

base64-js@^1.0.2:
  version "1.2.1"
  resolved "https://registry.npmjs.org/base64-js/-/base64-js-1.2.1.tgz"

big.js@^3.1.3:
  version "3.2.0"
  resolved "https://registry.npmjs.org/big.js/-/big.js-3.2.0.tgz"

binary-extensions@^1.0.0:
  version "1.10.0"
  resolved "https://registry.npmjs.org/binary-extensions/-/binary-extensions-1.10.0.tgz"

bindings@^1.5.0:
  version "1.5.0"
  resolved "https://registry.yarnpkg.com/bindings/-/bindings-1.5.0.tgz#10353c9e945334bc0511a6d90b38fbc7c9c504df"
  integrity sha512-p2q/t/mhvuOj/UeLlV6566GD/guowlr0hHxClI0W9m7MWYkL1F0hLo+0Aexs9HSPCtR1SXQ0TD3MMKrXZajbiQ==
  dependencies:
    file-uri-to-path "1.0.0"

bn.js@^4.0.0, bn.js@^4.1.0, bn.js@^4.1.1, bn.js@^4.4.0:
  version "4.11.8"
  resolved "https://registry.npmjs.org/bn.js/-/bn.js-4.11.8.tgz"

brace-expansion@^1.1.7:
  version "1.1.8"
  resolved "https://registry.npmjs.org/brace-expansion/-/brace-expansion-1.1.8.tgz"
  dependencies:
    balanced-match "^1.0.0"
    concat-map "0.0.1"

braces@^1.8.2:
  version "1.8.5"
  resolved "https://registry.npmjs.org/braces/-/braces-1.8.5.tgz"
  dependencies:
    expand-range "^1.8.1"
    preserve "^0.2.0"
    repeat-element "^1.1.2"

brorand@^1.0.1:
  version "1.1.0"
  resolved "https://registry.npmjs.org/brorand/-/brorand-1.1.0.tgz"

browserify-aes@^1.0.0, browserify-aes@^1.0.4:
  version "1.0.8"
  resolved "https://registry.npmjs.org/browserify-aes/-/browserify-aes-1.0.8.tgz"
  dependencies:
    buffer-xor "^1.0.3"
    cipher-base "^1.0.0"
    create-hash "^1.1.0"
    evp_bytestokey "^1.0.3"
    inherits "^2.0.1"
    safe-buffer "^5.0.1"

browserify-cipher@^1.0.0:
  version "1.0.0"
  resolved "https://registry.npmjs.org/browserify-cipher/-/browserify-cipher-1.0.0.tgz"
  dependencies:
    browserify-aes "^1.0.4"
    browserify-des "^1.0.0"
    evp_bytestokey "^1.0.0"

browserify-des@^1.0.0:
  version "1.0.0"
  resolved "https://registry.npmjs.org/browserify-des/-/browserify-des-1.0.0.tgz"
  dependencies:
    cipher-base "^1.0.1"
    des.js "^1.0.0"
    inherits "^2.0.1"

browserify-rsa@^4.0.0:
  version "4.0.1"
  resolved "https://registry.npmjs.org/browserify-rsa/-/browserify-rsa-4.0.1.tgz"
  dependencies:
    bn.js "^4.1.0"
    randombytes "^2.0.1"

browserify-sign@^4.0.0:
  version "4.0.4"
  resolved "https://registry.npmjs.org/browserify-sign/-/browserify-sign-4.0.4.tgz"
  dependencies:
    bn.js "^4.1.1"
    browserify-rsa "^4.0.0"
    create-hash "^1.1.0"
    create-hmac "^1.1.2"
    elliptic "^6.0.0"
    inherits "^2.0.1"
    parse-asn1 "^5.0.0"

browserify-zlib@^0.1.4:
  version "0.1.4"
  resolved "https://registry.npmjs.org/browserify-zlib/-/browserify-zlib-0.1.4.tgz"
  dependencies:
    pako "~0.2.0"

buffer-xor@^1.0.3:
  version "1.0.3"
  resolved "https://registry.npmjs.org/buffer-xor/-/buffer-xor-1.0.3.tgz"

buffer@^4.3.0:
  version "4.9.1"
  resolved "https://registry.npmjs.org/buffer/-/buffer-4.9.1.tgz"
  dependencies:
    base64-js "^1.0.2"
    ieee754 "^1.1.4"
    isarray "^1.0.0"

builtin-modules@^1.0.0:
  version "1.1.1"
  resolved "https://registry.npmjs.org/builtin-modules/-/builtin-modules-1.1.1.tgz"

builtin-status-codes@^3.0.0:
  version "3.0.0"
  resolved "https://registry.npmjs.org/builtin-status-codes/-/builtin-status-codes-3.0.0.tgz"

camelcase@^1.0.2:
  version "1.2.1"
  resolved "https://registry.npmjs.org/camelcase/-/camelcase-1.2.1.tgz"

camelcase@^4.1.0:
  version "4.1.0"
  resolved "https://registry.npmjs.org/camelcase/-/camelcase-4.1.0.tgz"

center-align@^0.1.1:
  version "0.1.3"
  resolved "https://registry.npmjs.org/center-align/-/center-align-0.1.3.tgz"
  dependencies:
    align-text "^0.1.3"
    lazy-cache "^1.0.3"

chokidar@^1.7.0:
  version "1.7.0"
  resolved "https://registry.npmjs.org/chokidar/-/chokidar-1.7.0.tgz"
  dependencies:
    anymatch "^1.3.0"
    async-each "^1.0.0"
    glob-parent "^2.0.0"
    inherits "^2.0.1"
    is-binary-path "^1.0.0"
    is-glob "^2.0.0"
    path-is-absolute "^1.0.0"
    readdirp "^2.0.0"
  optionalDependencies:
    fsevents "^1.0.0"

cipher-base@^1.0.0, cipher-base@^1.0.1, cipher-base@^1.0.3:
  version "1.0.4"
  resolved "https://registry.npmjs.org/cipher-base/-/cipher-base-1.0.4.tgz"
  dependencies:
    inherits "^2.0.1"
    safe-buffer "^5.0.1"

cliui@^2.1.0:
  version "2.1.0"
  resolved "https://registry.npmjs.org/cliui/-/cliui-2.1.0.tgz"
  dependencies:
    center-align "^0.1.1"
    right-align "^0.1.1"
    wordwrap "0.0.2"

cliui@^3.2.0:
  version "3.2.0"
  resolved "https://registry.npmjs.org/cliui/-/cliui-3.2.0.tgz"
  dependencies:
    string-width "^1.0.1"
    strip-ansi "^3.0.1"
    wrap-ansi "^2.0.0"

co@^4.6.0:
  version "4.6.0"
  resolved "https://registry.npmjs.org/co/-/co-4.6.0.tgz"

code-point-at@^1.0.0:
  version "1.1.0"
  resolved "https://registry.npmjs.org/code-point-at/-/code-point-at-1.1.0.tgz"

commander@^7.2.0:
  version "7.2.0"
  resolved "https://registry.npmjs.org/commander/-/commander-7.2.0.tgz"
  integrity sha512-QrWXB+ZQSVPmIWIhtEO9H+gwHaMGYiF5ChvoJ+K9ZGHG/sVsa6yiesAD1GC/x46sET00Xlwo1u49RVVVzvcSkw==

concat-map@0.0.1:
  version "0.0.1"
  resolved "https://registry.npmjs.org/concat-map/-/concat-map-0.0.1.tgz"

console-browserify@^1.1.0:
  version "1.1.0"
  resolved "https://registry.npmjs.org/console-browserify/-/console-browserify-1.1.0.tgz"
  dependencies:
    date-now "^0.1.4"

constants-browserify@^1.0.0:
  version "1.0.0"
  resolved "https://registry.npmjs.org/constants-browserify/-/constants-browserify-1.0.0.tgz"

core-util-is@~1.0.0:
  version "1.0.2"
  resolved "https://registry.npmjs.org/core-util-is/-/core-util-is-1.0.2.tgz"

create-ecdh@^4.0.0:
  version "4.0.0"
  resolved "https://registry.npmjs.org/create-ecdh/-/create-ecdh-4.0.0.tgz"
  dependencies:
    bn.js "^4.1.0"
    elliptic "^6.0.0"

create-hash@^1.1.0, create-hash@^1.1.2:
  version "1.1.3"
  resolved "https://registry.npmjs.org/create-hash/-/create-hash-1.1.3.tgz"
  dependencies:
    cipher-base "^1.0.1"
    inherits "^2.0.1"
    ripemd160 "^2.0.0"
    sha.js "^2.4.0"

create-hmac@^1.1.0, create-hmac@^1.1.2, create-hmac@^1.1.4:
  version "1.1.6"
  resolved "https://registry.npmjs.org/create-hmac/-/create-hmac-1.1.6.tgz"
  dependencies:
    cipher-base "^1.0.3"
    create-hash "^1.1.0"
    inherits "^2.0.1"
    ripemd160 "^2.0.0"
    safe-buffer "^5.0.1"
    sha.js "^2.4.8"

cross-spawn@^5.0.1:
  version "5.1.0"
  resolved "https://registry.npmjs.org/cross-spawn/-/cross-spawn-5.1.0.tgz"
  dependencies:
    lru-cache "^4.0.1"
    shebang-command "^1.2.0"
    which "^1.2.9"

crypto-browserify@^3.11.0:
  version "3.11.1"
  resolved "https://registry.npmjs.org/crypto-browserify/-/crypto-browserify-3.11.1.tgz"
  dependencies:
    browserify-cipher "^1.0.0"
    browserify-sign "^4.0.0"
    create-ecdh "^4.0.0"
    create-hash "^1.1.0"
    create-hmac "^1.1.0"
    diffie-hellman "^5.0.0"
    inherits "^2.0.1"
    pbkdf2 "^3.0.3"
    public-encrypt "^4.0.0"
    randombytes "^2.0.0"

d@1:
  version "1.0.0"
  resolved "https://registry.npmjs.org/d/-/d-1.0.0.tgz"
  dependencies:
    es5-ext "^0.10.9"

date-now@^0.1.4:
  version "0.1.4"
  resolved "https://registry.npmjs.org/date-now/-/date-now-0.1.4.tgz"

decamelize@^1.0.0, decamelize@^1.1.1:
  version "1.2.0"
  resolved "https://registry.npmjs.org/decamelize/-/decamelize-1.2.0.tgz"

des.js@^1.0.0:
  version "1.0.0"
  resolved "https://registry.npmjs.org/des.js/-/des.js-1.0.0.tgz"
  dependencies:
    inherits "^2.0.1"
    minimalistic-assert "^1.0.0"

diffie-hellman@^5.0.0:
  version "5.0.2"
  resolved "https://registry.npmjs.org/diffie-hellman/-/diffie-hellman-5.0.2.tgz"
  dependencies:
    bn.js "^4.1.0"
    miller-rabin "^4.0.0"
    randombytes "^2.0.0"

domain-browser@^1.1.1:
  version "1.1.7"
  resolved "https://registry.npmjs.org/domain-browser/-/domain-browser-1.1.7.tgz"

elliptic@^6.0.0:
  version "6.4.0"
  resolved "https://registry.npmjs.org/elliptic/-/elliptic-6.4.0.tgz"
  dependencies:
    bn.js "^4.4.0"
    brorand "^1.0.1"
    hash.js "^1.0.0"
    hmac-drbg "^1.0.0"
    inherits "^2.0.1"
    minimalistic-assert "^1.0.0"
    minimalistic-crypto-utils "^1.0.0"

emojis-list@^2.0.0:
  version "2.1.0"
  resolved "https://registry.npmjs.org/emojis-list/-/emojis-list-2.1.0.tgz"

enhanced-resolve@^3.4.0:
  version "3.4.1"
  resolved "https://registry.npmjs.org/enhanced-resolve/-/enhanced-resolve-3.4.1.tgz"
  dependencies:
    graceful-fs "^4.1.2"
    memory-fs "^0.4.0"
    object-assign "^4.0.1"
    tapable "^0.2.7"

errno@^0.1.3:
  version "0.1.4"
  resolved "https://registry.npmjs.org/errno/-/errno-0.1.4.tgz"
  dependencies:
    prr "~0.0.0"

error-ex@^1.2.0:
  version "1.3.1"
  resolved "https://registry.npmjs.org/error-ex/-/error-ex-1.3.1.tgz"
  dependencies:
    is-arrayish "^0.2.1"

es5-ext@^0.10.14, es5-ext@^0.10.9, es5-ext@~0.10.14:
  version "0.10.31"
  resolved "https://registry.npmjs.org/es5-ext/-/es5-ext-0.10.31.tgz"
  dependencies:
    es6-iterator "~2.0.1"
    es6-symbol "~3.1.1"

es6-iterator@^2.0.1, es6-iterator@~2.0.1:
  version "2.0.1"
  resolved "https://registry.npmjs.org/es6-iterator/-/es6-iterator-2.0.1.tgz"
  dependencies:
    d "1"
    es5-ext "^0.10.14"
    es6-symbol "^3.1"

es6-map@^0.1.3:
  version "0.1.5"
  resolved "https://registry.npmjs.org/es6-map/-/es6-map-0.1.5.tgz"
  dependencies:
    d "1"
    es5-ext "~0.10.14"
    es6-iterator "~2.0.1"
    es6-set "~0.1.5"
    es6-symbol "~3.1.1"
    event-emitter "~0.3.5"

es6-set@~0.1.5:
  version "0.1.5"
  resolved "https://registry.npmjs.org/es6-set/-/es6-set-0.1.5.tgz"
  dependencies:
    d "1"
    es5-ext "~0.10.14"
    es6-iterator "~2.0.1"
    es6-symbol "3.1.1"
    event-emitter "~0.3.5"

es6-symbol@3.1.1, es6-symbol@^3.1, es6-symbol@^3.1.1, es6-symbol@~3.1.1:
  version "3.1.1"
  resolved "https://registry.npmjs.org/es6-symbol/-/es6-symbol-3.1.1.tgz"
  dependencies:
    d "1"
    es5-ext "~0.10.14"

es6-weak-map@^2.0.1:
  version "2.0.2"
  resolved "https://registry.npmjs.org/es6-weak-map/-/es6-weak-map-2.0.2.tgz"
  dependencies:
    d "1"
    es5-ext "^0.10.14"
    es6-iterator "^2.0.1"
    es6-symbol "^3.1.1"

escope@^3.6.0:
  version "3.6.0"
  resolved "https://registry.npmjs.org/escope/-/escope-3.6.0.tgz"
  dependencies:
    es6-map "^0.1.3"
    es6-weak-map "^2.0.1"
    esrecurse "^4.1.0"
    estraverse "^4.1.1"

esrecurse@^4.1.0:
  version "4.2.0"
  resolved "https://registry.npmjs.org/esrecurse/-/esrecurse-4.2.0.tgz"
  dependencies:
    estraverse "^4.1.0"
    object-assign "^4.0.1"

estraverse@^4.1.0, estraverse@^4.1.1:
  version "4.2.0"
  resolved "https://registry.npmjs.org/estraverse/-/estraverse-4.2.0.tgz"

event-emitter@~0.3.5:
  version "0.3.5"
  resolved "https://registry.npmjs.org/event-emitter/-/event-emitter-0.3.5.tgz"
  dependencies:
    d "1"
    es5-ext "~0.10.14"

events@^1.0.0:
  version "1.1.1"
  resolved "https://registry.npmjs.org/events/-/events-1.1.1.tgz"

evp_bytestokey@^1.0.0, evp_bytestokey@^1.0.3:
  version "1.0.3"
  resolved "https://registry.npmjs.org/evp_bytestokey/-/evp_bytestokey-1.0.3.tgz"
  dependencies:
    md5.js "^1.3.4"
    safe-buffer "^5.1.1"

execa@^0.7.0:
  version "0.7.0"
  resolved "https://registry.npmjs.org/execa/-/execa-0.7.0.tgz"
  dependencies:
    cross-spawn "^5.0.1"
    get-stream "^3.0.0"
    is-stream "^1.1.0"
    npm-run-path "^2.0.0"
    p-finally "^1.0.0"
    signal-exit "^3.0.0"
    strip-eof "^1.0.0"

expand-brackets@^0.1.4:
  version "0.1.5"
  resolved "https://registry.npmjs.org/expand-brackets/-/expand-brackets-0.1.5.tgz"
  dependencies:
    is-posix-bracket "^0.1.0"

expand-range@^1.8.1:
  version "1.8.2"
  resolved "https://registry.npmjs.org/expand-range/-/expand-range-1.8.2.tgz"
  dependencies:
    fill-range "^2.1.0"

extglob@^0.3.1:
  version "0.3.2"
  resolved "https://registry.npmjs.org/extglob/-/extglob-0.3.2.tgz"
  dependencies:
    is-extglob "^1.0.0"

fast-deep-equal@^1.0.0:
  version "1.0.0"
  resolved "https://registry.npmjs.org/fast-deep-equal/-/fast-deep-equal-1.0.0.tgz"

file-uri-to-path@1.0.0:
  version "1.0.0"
  resolved "https://registry.yarnpkg.com/file-uri-to-path/-/file-uri-to-path-1.0.0.tgz#553a7b8446ff6f684359c445f1e37a05dacc33dd"
  integrity sha512-0Zt+s3L7Vf1biwWZ29aARiVYLx7iMGnEUl9x33fbB/j3jR81u/O2LbqK+Bm1CDSNDKVtJ/YjwY7TUd5SkeLQLw==

filename-regex@^2.0.0:
  version "2.0.1"
  resolved "https://registry.npmjs.org/filename-regex/-/filename-regex-2.0.1.tgz"

fill-range@^2.1.0:
  version "2.2.3"
  resolved "https://registry.npmjs.org/fill-range/-/fill-range-2.2.3.tgz"
  dependencies:
    is-number "^2.1.0"
    isobject "^2.0.0"
    randomatic "^1.1.3"
    repeat-element "^1.1.2"
    repeat-string "^1.5.2"

find-up@^2.0.0:
  version "2.1.0"
  resolved "https://registry.npmjs.org/find-up/-/find-up-2.1.0.tgz"
  dependencies:
    locate-path "^2.0.0"

for-in@^1.0.1:
  version "1.0.2"
  resolved "https://registry.npmjs.org/for-in/-/for-in-1.0.2.tgz"

for-own@^0.1.4:
  version "0.1.5"
  resolved "https://registry.npmjs.org/for-own/-/for-own-0.1.5.tgz"
  dependencies:
    for-in "^1.0.1"

fsevents@^1.0.0:
  version "1.2.13"
  resolved "https://registry.yarnpkg.com/fsevents/-/fsevents-1.2.13.tgz#f325cb0455592428bcf11b383370ef70e3bfcc38"
  integrity sha512-oWb1Z6mkHIskLzEJ/XWX0srkpkTQ7vaopMQkyaEIoq0fmtFVxOthb8cCxeT+p3ynTdkk/RZwbgG4brR5BeWECw==
  dependencies:
    bindings "^1.5.0"
    nan "^2.12.1"

get-caller-file@^1.0.1:
  version "1.0.2"
  resolved "https://registry.npmjs.org/get-caller-file/-/get-caller-file-1.0.2.tgz"

get-stream@^3.0.0:
  version "3.0.0"
  resolved "https://registry.npmjs.org/get-stream/-/get-stream-3.0.0.tgz"

glob-base@^0.3.0:
  version "0.3.0"
  resolved "https://registry.npmjs.org/glob-base/-/glob-base-0.3.0.tgz"
  dependencies:
    glob-parent "^2.0.0"
    is-glob "^2.0.0"

glob-parent@^2.0.0:
  version "2.0.0"
  resolved "https://registry.npmjs.org/glob-parent/-/glob-parent-2.0.0.tgz"
  dependencies:
    is-glob "^2.0.0"

graceful-fs@^4.1.2:
  version "4.1.11"
  resolved "https://registry.npmjs.org/graceful-fs/-/graceful-fs-4.1.11.tgz"

has-flag@^2.0.0:
  version "2.0.0"
  resolved "https://registry.npmjs.org/has-flag/-/has-flag-2.0.0.tgz"

hash-base@^2.0.0:
  version "2.0.2"
  resolved "https://registry.npmjs.org/hash-base/-/hash-base-2.0.2.tgz"
  dependencies:
    inherits "^2.0.1"

hash-base@^3.0.0:
  version "3.0.4"
  resolved "https://registry.npmjs.org/hash-base/-/hash-base-3.0.4.tgz"
  dependencies:
    inherits "^2.0.1"
    safe-buffer "^5.0.1"

hash.js@^1.0.0, hash.js@^1.0.3:
  version "1.1.3"
  resolved "https://registry.npmjs.org/hash.js/-/hash.js-1.1.3.tgz"
  dependencies:
    inherits "^2.0.3"
    minimalistic-assert "^1.0.0"

hmac-drbg@^1.0.0:
  version "1.0.1"
  resolved "https://registry.npmjs.org/hmac-drbg/-/hmac-drbg-1.0.1.tgz"
  dependencies:
    hash.js "^1.0.3"
    minimalistic-assert "^1.0.0"
    minimalistic-crypto-utils "^1.0.1"

hosted-git-info@^2.1.4:
  version "2.5.0"
  resolved "https://registry.npmjs.org/hosted-git-info/-/hosted-git-info-2.5.0.tgz"

https-browserify@0.0.1:
  version "0.0.1"
  resolved "https://registry.npmjs.org/https-browserify/-/https-browserify-0.0.1.tgz"

ieee754@^1.1.4:
  version "1.1.8"
  resolved "https://registry.npmjs.org/ieee754/-/ieee754-1.1.8.tgz"

indexof@0.0.1:
  version "0.0.1"
  resolved "https://registry.npmjs.org/indexof/-/indexof-0.0.1.tgz"

inherits@2.0.1:
  version "2.0.1"
  resolved "https://registry.npmjs.org/inherits/-/inherits-2.0.1.tgz"

inherits@^2.0.1, inherits@^2.0.3, inherits@~2.0.1, inherits@~2.0.3:
  version "2.0.3"
  resolved "https://registry.npmjs.org/inherits/-/inherits-2.0.3.tgz"

interpret@^1.0.0:
  version "1.0.4"
  resolved "https://registry.npmjs.org/interpret/-/interpret-1.0.4.tgz"

invert-kv@^1.0.0:
  version "1.0.0"
  resolved "https://registry.npmjs.org/invert-kv/-/invert-kv-1.0.0.tgz"

is-arrayish@^0.2.1:
  version "0.2.1"
  resolved "https://registry.npmjs.org/is-arrayish/-/is-arrayish-0.2.1.tgz"

is-binary-path@^1.0.0:
  version "1.0.1"
  resolved "https://registry.npmjs.org/is-binary-path/-/is-binary-path-1.0.1.tgz"
  dependencies:
    binary-extensions "^1.0.0"

is-buffer@^1.1.5:
  version "1.1.5"
  resolved "https://registry.npmjs.org/is-buffer/-/is-buffer-1.1.5.tgz"

is-builtin-module@^1.0.0:
  version "1.0.0"
  resolved "https://registry.npmjs.org/is-builtin-module/-/is-builtin-module-1.0.0.tgz"
  dependencies:
    builtin-modules "^1.0.0"

is-dotfile@^1.0.0:
  version "1.0.3"
  resolved "https://registry.npmjs.org/is-dotfile/-/is-dotfile-1.0.3.tgz"

is-equal-shallow@^0.1.3:
  version "0.1.3"
  resolved "https://registry.npmjs.org/is-equal-shallow/-/is-equal-shallow-0.1.3.tgz"
  dependencies:
    is-primitive "^2.0.0"

is-extendable@^0.1.1:
  version "0.1.1"
  resolved "https://registry.npmjs.org/is-extendable/-/is-extendable-0.1.1.tgz"

is-extglob@^1.0.0:
  version "1.0.0"
  resolved "https://registry.npmjs.org/is-extglob/-/is-extglob-1.0.0.tgz"

is-fullwidth-code-point@^1.0.0:
  version "1.0.0"
  resolved "https://registry.npmjs.org/is-fullwidth-code-point/-/is-fullwidth-code-point-1.0.0.tgz"
  dependencies:
    number-is-nan "^1.0.0"

is-fullwidth-code-point@^2.0.0:
  version "2.0.0"
  resolved "https://registry.npmjs.org/is-fullwidth-code-point/-/is-fullwidth-code-point-2.0.0.tgz"

is-glob@^2.0.0, is-glob@^2.0.1:
  version "2.0.1"
  resolved "https://registry.npmjs.org/is-glob/-/is-glob-2.0.1.tgz"
  dependencies:
    is-extglob "^1.0.0"

is-number@^2.1.0:
  version "2.1.0"
  resolved "https://registry.npmjs.org/is-number/-/is-number-2.1.0.tgz"
  dependencies:
    kind-of "^3.0.2"

is-number@^3.0.0:
  version "3.0.0"
  resolved "https://registry.npmjs.org/is-number/-/is-number-3.0.0.tgz"
  dependencies:
    kind-of "^3.0.2"

is-posix-bracket@^0.1.0:
  version "0.1.1"
  resolved "https://registry.npmjs.org/is-posix-bracket/-/is-posix-bracket-0.1.1.tgz"

is-primitive@^2.0.0:
  version "2.0.0"
  resolved "https://registry.npmjs.org/is-primitive/-/is-primitive-2.0.0.tgz"

is-stream@^1.1.0:
  version "1.1.0"
  resolved "https://registry.npmjs.org/is-stream/-/is-stream-1.1.0.tgz"

isarray@1.0.0, isarray@^1.0.0, isarray@~1.0.0:
  version "1.0.0"
  resolved "https://registry.npmjs.org/isarray/-/isarray-1.0.0.tgz"

isexe@^2.0.0:
  version "2.0.0"
  resolved "https://registry.npmjs.org/isexe/-/isexe-2.0.0.tgz"

isobject@^2.0.0:
  version "2.1.0"
  resolved "https://registry.npmjs.org/isobject/-/isobject-2.1.0.tgz"
  dependencies:
    isarray "1.0.0"

json-loader@^0.5.4:
  version "0.5.7"
  resolved "https://registry.npmjs.org/json-loader/-/json-loader-0.5.7.tgz"

json-schema-traverse@^0.3.0:
  version "0.3.1"
  resolved "https://registry.npmjs.org/json-schema-traverse/-/json-schema-traverse-0.3.1.tgz"

json-stable-stringify@^1.0.1:
  version "1.0.1"
  resolved "https://registry.npmjs.org/json-stable-stringify/-/json-stable-stringify-1.0.1.tgz"
  dependencies:
    jsonify "~0.0.0"

json5@^0.5.0, json5@^0.5.1:
  version "0.5.1"
  resolved "https://registry.npmjs.org/json5/-/json5-0.5.1.tgz"

jsonify@~0.0.0:
  version "0.0.0"
  resolved "https://registry.npmjs.org/jsonify/-/jsonify-0.0.0.tgz"

kind-of@^3.0.2:
  version "3.2.2"
  resolved "https://registry.npmjs.org/kind-of/-/kind-of-3.2.2.tgz"
  dependencies:
    is-buffer "^1.1.5"

kind-of@^4.0.0:
  version "4.0.0"
  resolved "https://registry.npmjs.org/kind-of/-/kind-of-4.0.0.tgz"
  dependencies:
    is-buffer "^1.1.5"

lazy-cache@^1.0.3:
  version "1.0.4"
  resolved "https://registry.npmjs.org/lazy-cache/-/lazy-cache-1.0.4.tgz"

lcid@^1.0.0:
  version "1.0.0"
  resolved "https://registry.npmjs.org/lcid/-/lcid-1.0.0.tgz"
  dependencies:
    invert-kv "^1.0.0"

load-json-file@^2.0.0:
  version "2.0.0"
  resolved "https://registry.npmjs.org/load-json-file/-/load-json-file-2.0.0.tgz"
  dependencies:
    graceful-fs "^4.1.2"
    parse-json "^2.2.0"
    pify "^2.0.0"
    strip-bom "^3.0.0"

loader-runner@^2.3.0:
  version "2.3.0"
  resolved "https://registry.npmjs.org/loader-runner/-/loader-runner-2.3.0.tgz"

loader-utils@^1.1.0:
  version "1.1.0"
  resolved "https://registry.npmjs.org/loader-utils/-/loader-utils-1.1.0.tgz"
  dependencies:
    big.js "^3.1.3"
    emojis-list "^2.0.0"
    json5 "^0.5.0"

locate-path@^2.0.0:
  version "2.0.0"
  resolved "https://registry.npmjs.org/locate-path/-/locate-path-2.0.0.tgz"
  dependencies:
    p-locate "^2.0.0"
    path-exists "^3.0.0"

lodash@^4.14.0:
  version "4.17.4"
  resolved "https://registry.npmjs.org/lodash/-/lodash-4.17.4.tgz"

longest@^1.0.1:
  version "1.0.1"
  resolved "https://registry.npmjs.org/longest/-/longest-1.0.1.tgz"

lru-cache@^4.0.1:
  version "4.1.1"
  resolved "https://registry.npmjs.org/lru-cache/-/lru-cache-4.1.1.tgz"
  dependencies:
    pseudomap "^1.0.2"
    yallist "^2.1.2"

md5.js@^1.3.4:
  version "1.3.4"
  resolved "https://registry.npmjs.org/md5.js/-/md5.js-1.3.4.tgz"
  dependencies:
    hash-base "^3.0.0"
    inherits "^2.0.1"

mem@^1.1.0:
  version "1.1.0"
  resolved "https://registry.npmjs.org/mem/-/mem-1.1.0.tgz"
  dependencies:
    mimic-fn "^1.0.0"

memory-fs@^0.4.0, memory-fs@~0.4.1:
  version "0.4.1"
  resolved "https://registry.npmjs.org/memory-fs/-/memory-fs-0.4.1.tgz"
  dependencies:
    errno "^0.1.3"
    readable-stream "^2.0.1"

micromatch@^2.1.5:
  version "2.3.11"
  resolved "https://registry.npmjs.org/micromatch/-/micromatch-2.3.11.tgz"
  dependencies:
    arr-diff "^2.0.0"
    array-unique "^0.2.1"
    braces "^1.8.2"
    expand-brackets "^0.1.4"
    extglob "^0.3.1"
    filename-regex "^2.0.0"
    is-extglob "^1.0.0"
    is-glob "^2.0.1"
    kind-of "^3.0.2"
    normalize-path "^2.0.1"
    object.omit "^2.0.0"
    parse-glob "^3.0.4"
    regex-cache "^0.4.2"

miller-rabin@^4.0.0:
  version "4.0.1"
  resolved "https://registry.npmjs.org/miller-rabin/-/miller-rabin-4.0.1.tgz"
  dependencies:
    bn.js "^4.0.0"
    brorand "^1.0.1"

mimic-fn@^1.0.0:
  version "1.1.0"
  resolved "https://registry.npmjs.org/mimic-fn/-/mimic-fn-1.1.0.tgz"

minimalistic-assert@^1.0.0:
  version "1.0.0"
  resolved "https://registry.npmjs.org/minimalistic-assert/-/minimalistic-assert-1.0.0.tgz"

minimalistic-crypto-utils@^1.0.0, minimalistic-crypto-utils@^1.0.1:
  version "1.0.1"
  resolved "https://registry.npmjs.org/minimalistic-crypto-utils/-/minimalistic-crypto-utils-1.0.1.tgz"

minimatch@^3.0.2:
  version "3.0.4"
  resolved "https://registry.npmjs.org/minimatch/-/minimatch-3.0.4.tgz"
  dependencies:
    brace-expansion "^1.1.7"

minimist@0.0.8:
  version "0.0.8"
  resolved "https://registry.npmjs.org/minimist/-/minimist-0.0.8.tgz"

mkdirp@~0.5.0:
  version "0.5.1"
  resolved "https://registry.npmjs.org/mkdirp/-/mkdirp-0.5.1.tgz"
  dependencies:
    minimist "0.0.8"

nan@^2.12.1:
  version "2.24.0"
  resolved "https://registry.yarnpkg.com/nan/-/nan-2.24.0.tgz#a8919b36e692aa5b260831910e4f81419fc0a283"
  integrity sha512-Vpf9qnVW1RaDkoNKFUvfxqAbtI8ncb8OJlqZ9wwpXzWPEsvsB1nvdUi6oYrHIkQ1Y/tMDnr1h4nczS0VB9Xykg==

node-libs-browser@^2.0.0:
  version "2.0.0"
  resolved "https://registry.npmjs.org/node-libs-browser/-/node-libs-browser-2.0.0.tgz"
  dependencies:
    assert "^1.1.1"
    browserify-zlib "^0.1.4"
    buffer "^4.3.0"
    console-browserify "^1.1.0"
    constants-browserify "^1.0.0"
    crypto-browserify "^3.11.0"
    domain-browser "^1.1.1"
    events "^1.0.0"
    https-browserify "0.0.1"
    os-browserify "^0.2.0"
    path-browserify "0.0.0"
    process "^0.11.0"
    punycode "^1.2.4"
    querystring-es3 "^0.2.0"
    readable-stream "^2.0.5"
    stream-browserify "^2.0.1"
    stream-http "^2.3.1"
    string_decoder "^0.10.25"
    timers-browserify "^2.0.2"
    tty-browserify "0.0.0"
    url "^0.11.0"
    util "^0.10.3"
    vm-browserify "0.0.4"

normalize-package-data@^2.3.2:
  version "2.4.0"
  resolved "https://registry.npmjs.org/normalize-package-data/-/normalize-package-data-2.4.0.tgz"
  dependencies:
    hosted-git-info "^2.1.4"
    is-builtin-module "^1.0.0"
    semver "2 || 3 || 4 || 5"
    validate-npm-package-license "^3.0.1"

normalize-path@^2.0.0, normalize-path@^2.0.1:
  version "2.1.1"
  resolved "https://registry.npmjs.org/normalize-path/-/normalize-path-2.1.1.tgz"
  dependencies:
    remove-trailing-separator "^1.0.1"

npm-run-path@^2.0.0:
  version "2.0.2"
  resolved "https://registry.npmjs.org/npm-run-path/-/npm-run-path-2.0.2.tgz"
  dependencies:
    path-key "^2.0.0"

number-is-nan@^1.0.0:
  version "1.0.1"
  resolved "https://registry.npmjs.org/number-is-nan/-/number-is-nan-1.0.1.tgz"

object-assign@^4.0.1:
  version "4.1.1"
  resolved "https://registry.npmjs.org/object-assign/-/object-assign-4.1.1.tgz"

object.omit@^2.0.0:
  version "2.0.1"
  resolved "https://registry.npmjs.org/object.omit/-/object.omit-2.0.1.tgz"
  dependencies:
    for-own "^0.1.4"
    is-extendable "^0.1.1"

os-browserify@^0.2.0:
  version "0.2.1"
  resolved "https://registry.npmjs.org/os-browserify/-/os-browserify-0.2.1.tgz"

os-locale@^2.0.0:
  version "2.1.0"
  resolved "https://registry.npmjs.org/os-locale/-/os-locale-2.1.0.tgz"
  dependencies:
    execa "^0.7.0"
    lcid "^1.0.0"
    mem "^1.1.0"

p-finally@^1.0.0:
  version "1.0.0"
  resolved "https://registry.npmjs.org/p-finally/-/p-finally-1.0.0.tgz"

p-limit@^1.1.0:
  version "1.1.0"
  resolved "https://registry.npmjs.org/p-limit/-/p-limit-1.1.0.tgz"

p-locate@^2.0.0:
  version "2.0.0"
  resolved "https://registry.npmjs.org/p-locate/-/p-locate-2.0.0.tgz"
  dependencies:
    p-limit "^1.1.0"

pako@~0.2.0:
  version "0.2.9"
  resolved "https://registry.npmjs.org/pako/-/pako-0.2.9.tgz"

parse-asn1@^5.0.0:
  version "5.1.0"
  resolved "https://registry.npmjs.org/parse-asn1/-/parse-asn1-5.1.0.tgz"
  dependencies:
    asn1.js "^4.0.0"
    browserify-aes "^1.0.0"
    create-hash "^1.1.0"
    evp_bytestokey "^1.0.0"
    pbkdf2 "^3.0.3"

parse-glob@^3.0.4:
  version "3.0.4"
  resolved "https://registry.npmjs.org/parse-glob/-/parse-glob-3.0.4.tgz"
  dependencies:
    glob-base "^0.3.0"
    is-dotfile "^1.0.0"
    is-extglob "^1.0.0"
    is-glob "^2.0.0"

parse-json@^2.2.0:
  version "2.2.0"
  resolved "https://registry.npmjs.org/parse-json/-/parse-json-2.2.0.tgz"
  dependencies:
    error-ex "^1.2.0"

path-browserify@0.0.0:
  version "0.0.0"
  resolved "https://registry.npmjs.org/path-browserify/-/path-browserify-0.0.0.tgz"

path-exists@^3.0.0:
  version "3.0.0"
  resolved "https://registry.npmjs.org/path-exists/-/path-exists-3.0.0.tgz"

path-is-absolute@^1.0.0:
  version "1.0.1"
  resolved "https://registry.npmjs.org/path-is-absolute/-/path-is-absolute-1.0.1.tgz"

path-key@^2.0.0:
  version "2.0.1"
  resolved "https://registry.npmjs.org/path-key/-/path-key-2.0.1.tgz"

path-type@^2.0.0:
  version "2.0.0"
  resolved "https://registry.npmjs.org/path-type/-/path-type-2.0.0.tgz"
  dependencies:
    pify "^2.0.0"

pbkdf2@^3.0.3:
  version "3.0.14"
  resolved "https://registry.npmjs.org/pbkdf2/-/pbkdf2-3.0.14.tgz"
  dependencies:
    create-hash "^1.1.2"
    create-hmac "^1.1.4"
    ripemd160 "^2.0.1"
    safe-buffer "^5.0.1"
    sha.js "^2.4.8"

pify@^2.0.0:
  version "2.3.0"
  resolved "https://registry.npmjs.org/pify/-/pify-2.3.0.tgz"

preserve@^0.2.0:
  version "0.2.0"
  resolved "https://registry.npmjs.org/preserve/-/preserve-0.2.0.tgz"

prettier@1.14.3:
  version "1.14.3"
  resolved "https://registry.npmjs.org/prettier/-/prettier-1.14.3.tgz"

process-nextick-args@~1.0.6:
  version "1.0.7"
  resolved "https://registry.npmjs.org/process-nextick-args/-/process-nextick-args-1.0.7.tgz"

process@^0.11.0:
  version "0.11.10"
  resolved "https://registry.npmjs.org/process/-/process-0.11.10.tgz"

prr@~0.0.0:
  version "0.0.0"
  resolved "https://registry.npmjs.org/prr/-/prr-0.0.0.tgz"

pseudomap@^1.0.2:
  version "1.0.2"
  resolved "https://registry.npmjs.org/pseudomap/-/pseudomap-1.0.2.tgz"

public-encrypt@^4.0.0:
  version "4.0.0"
  resolved "https://registry.npmjs.org/public-encrypt/-/public-encrypt-4.0.0.tgz"
  dependencies:
    bn.js "^4.1.0"
    browserify-rsa "^4.0.0"
    create-hash "^1.1.0"
    parse-asn1 "^5.0.0"
    randombytes "^2.0.1"

punycode@1.3.2:
  version "1.3.2"
  resolved "https://registry.npmjs.org/punycode/-/punycode-1.3.2.tgz"

punycode@^1.2.4:
  version "1.4.1"
  resolved "https://registry.npmjs.org/punycode/-/punycode-1.4.1.tgz"

querystring-es3@^0.2.0:
  version "0.2.1"
  resolved "https://registry.npmjs.org/querystring-es3/-/querystring-es3-0.2.1.tgz"

querystring@0.2.0:
  version "0.2.0"
  resolved "https://registry.npmjs.org/querystring/-/querystring-0.2.0.tgz"

randomatic@^1.1.3:
  version "1.1.7"
  resolved "https://registry.npmjs.org/randomatic/-/randomatic-1.1.7.tgz"
  dependencies:
    is-number "^3.0.0"
    kind-of "^4.0.0"

randombytes@^2.0.0, randombytes@^2.0.1:
  version "2.0.5"
  resolved "https://registry.npmjs.org/randombytes/-/randombytes-2.0.5.tgz"
  dependencies:
    safe-buffer "^5.1.0"

read-pkg-up@^2.0.0:
  version "2.0.0"
  resolved "https://registry.npmjs.org/read-pkg-up/-/read-pkg-up-2.0.0.tgz"
  dependencies:
    find-up "^2.0.0"
    read-pkg "^2.0.0"

read-pkg@^2.0.0:
  version "2.0.0"
  resolved "https://registry.npmjs.org/read-pkg/-/read-pkg-2.0.0.tgz"
  dependencies:
    load-json-file "^2.0.0"
    normalize-package-data "^2.3.2"
    path-type "^2.0.0"

readable-stream@^2.0.1, readable-stream@^2.0.2, readable-stream@^2.0.5, readable-stream@^2.2.6:
  version "2.3.3"
  resolved "https://registry.npmjs.org/readable-stream/-/readable-stream-2.3.3.tgz"
  dependencies:
    core-util-is "~1.0.0"
    inherits "~2.0.3"
    isarray "~1.0.0"
    process-nextick-args "~1.0.6"
    safe-buffer "~5.1.1"
    string_decoder "~1.0.3"
    util-deprecate "~1.0.1"

readdirp@^2.0.0:
  version "2.1.0"
  resolved "https://registry.npmjs.org/readdirp/-/readdirp-2.1.0.tgz"
  dependencies:
    graceful-fs "^4.1.2"
    minimatch "^3.0.2"
    readable-stream "^2.0.2"
    set-immediate-shim "^1.0.1"

regex-cache@^0.4.2:
  version "0.4.4"
  resolved "https://registry.npmjs.org/regex-cache/-/regex-cache-0.4.4.tgz"
  dependencies:
    is-equal-shallow "^0.1.3"

remove-trailing-separator@^1.0.1:
  version "1.1.0"
  resolved "https://registry.npmjs.org/remove-trailing-separator/-/remove-trailing-separator-1.1.0.tgz"

repeat-element@^1.1.2:
  version "1.1.2"
  resolved "https://registry.npmjs.org/repeat-element/-/repeat-element-1.1.2.tgz"

repeat-string@^1.5.2:
  version "1.6.1"
  resolved "https://registry.npmjs.org/repeat-string/-/repeat-string-1.6.1.tgz"

require-directory@^2.1.1:
  version "2.1.1"
  resolved "https://registry.npmjs.org/require-directory/-/require-directory-2.1.1.tgz"

require-main-filename@^1.0.1:
  version "1.0.1"
  resolved "https://registry.npmjs.org/require-main-filename/-/require-main-filename-1.0.1.tgz"

right-align@^0.1.1:
  version "0.1.3"
  resolved "https://registry.npmjs.org/right-align/-/right-align-0.1.3.tgz"
  dependencies:
    align-text "^0.1.1"

ripemd160@^2.0.0, ripemd160@^2.0.1:
  version "2.0.1"
  resolved "https://registry.npmjs.org/ripemd160/-/ripemd160-2.0.1.tgz"
  dependencies:
    hash-base "^2.0.0"
    inherits "^2.0.1"

safe-buffer@^5.0.1, safe-buffer@^5.1.0, safe-buffer@^5.1.1, safe-buffer@~5.1.0, safe-buffer@~5.1.1:
  version "5.1.1"
  resolved "https://registry.npmjs.org/safe-buffer/-/safe-buffer-5.1.1.tgz"

"semver@2 || 3 || 4 || 5":
  version "5.4.1"
  resolved "https://registry.npmjs.org/semver/-/semver-5.4.1.tgz"

set-blocking@^2.0.0:
  version "2.0.0"
  resolved "https://registry.npmjs.org/set-blocking/-/set-blocking-2.0.0.tgz"

set-immediate-shim@^1.0.1:
  version "1.0.1"
  resolved "https://registry.npmjs.org/set-immediate-shim/-/set-immediate-shim-1.0.1.tgz"

setimmediate@^1.0.4:
  version "1.0.5"
  resolved "https://registry.npmjs.org/setimmediate/-/setimmediate-1.0.5.tgz"

sha.js@^2.4.0, sha.js@^2.4.8:
  version "2.4.9"
  resolved "https://registry.npmjs.org/sha.js/-/sha.js-2.4.9.tgz"
  dependencies:
    inherits "^2.0.1"
    safe-buffer "^5.0.1"

shebang-command@^1.2.0:
  version "1.2.0"
  resolved "https://registry.npmjs.org/shebang-command/-/shebang-command-1.2.0.tgz"
  dependencies:
    shebang-regex "^1.0.0"

shebang-regex@^1.0.0:
  version "1.0.0"
  resolved "https://registry.npmjs.org/shebang-regex/-/shebang-regex-1.0.0.tgz"

signal-exit@^3.0.0:
  version "3.0.2"
  resolved "https://registry.npmjs.org/signal-exit/-/signal-exit-3.0.2.tgz"

source-list-map@^2.0.0:
  version "2.0.0"
  resolved "https://registry.npmjs.org/source-list-map/-/source-list-map-2.0.0.tgz"

source-map@^0.5.3, source-map@~0.5.3:
  version "0.5.7"
  resolved "https://registry.npmjs.org/source-map/-/source-map-0.5.7.tgz"

source-map@^0.5.6, source-map@~0.5.1:
  version "0.5.6"
  resolved "https://registry.npmjs.org/source-map/-/source-map-0.5.6.tgz"

spdx-correct@~1.0.0:
  version "1.0.2"
  resolved "https://registry.npmjs.org/spdx-correct/-/spdx-correct-1.0.2.tgz"
  dependencies:
    spdx-license-ids "^1.0.2"

spdx-expression-parse@~1.0.0:
  version "1.0.4"
  resolved "https://registry.npmjs.org/spdx-expression-parse/-/spdx-expression-parse-1.0.4.tgz"

spdx-license-ids@^1.0.2:
  version "1.2.2"
  resolved "https://registry.npmjs.org/spdx-license-ids/-/spdx-license-ids-1.2.2.tgz"

stream-browserify@^2.0.1:
  version "2.0.1"
  resolved "https://registry.npmjs.org/stream-browserify/-/stream-browserify-2.0.1.tgz"
  dependencies:
    inherits "~2.0.1"
    readable-stream "^2.0.2"

stream-http@^2.3.1:
  version "2.7.2"
  resolved "https://registry.npmjs.org/stream-http/-/stream-http-2.7.2.tgz"
  dependencies:
    builtin-status-codes "^3.0.0"
    inherits "^2.0.1"
    readable-stream "^2.2.6"
    to-arraybuffer "^1.0.0"
    xtend "^4.0.0"

string-width@^1.0.1:
  version "1.0.2"
  resolved "https://registry.npmjs.org/string-width/-/string-width-1.0.2.tgz"
  dependencies:
    code-point-at "^1.0.0"
    is-fullwidth-code-point "^1.0.0"
    strip-ansi "^3.0.0"

string-width@^2.0.0:
  version "2.1.1"
  resolved "https://registry.npmjs.org/string-width/-/string-width-2.1.1.tgz"
  dependencies:
    is-fullwidth-code-point "^2.0.0"
    strip-ansi "^4.0.0"

string_decoder@^0.10.25:
  version "0.10.31"
  resolved "https://registry.npmjs.org/string_decoder/-/string_decoder-0.10.31.tgz"

string_decoder@~1.0.3:
  version "1.0.3"
  resolved "https://registry.npmjs.org/string_decoder/-/string_decoder-1.0.3.tgz"
  dependencies:
    safe-buffer "~5.1.0"

strip-ansi@^3.0.0, strip-ansi@^3.0.1:
  version "3.0.1"
  resolved "https://registry.npmjs.org/strip-ansi/-/strip-ansi-3.0.1.tgz"
  dependencies:
    ansi-regex "^2.0.0"

strip-ansi@^4.0.0:
  version "4.0.0"
  resolved "https://registry.npmjs.org/strip-ansi/-/strip-ansi-4.0.0.tgz"
  dependencies:
    ansi-regex "^3.0.0"

strip-bom@^3.0.0:
  version "3.0.0"
  resolved "https://registry.npmjs.org/strip-bom/-/strip-bom-3.0.0.tgz"

strip-eof@^1.0.0:
  version "1.0.0"
  resolved "https://registry.npmjs.org/strip-eof/-/strip-eof-1.0.0.tgz"

supports-color@^4.2.1:
  version "4.4.0"
  resolved "https://registry.npmjs.org/supports-color/-/supports-color-4.4.0.tgz"
  dependencies:
    has-flag "^2.0.0"

tapable@^0.2.7:
  version "0.2.8"
  resolved "https://registry.npmjs.org/tapable/-/tapable-0.2.8.tgz"

timers-browserify@^2.0.2:
  version "2.0.4"
  resolved "https://registry.npmjs.org/timers-browserify/-/timers-browserify-2.0.4.tgz"
  dependencies:
    setimmediate "^1.0.4"

to-arraybuffer@^1.0.0:
  version "1.0.1"
  resolved "https://registry.npmjs.org/to-arraybuffer/-/to-arraybuffer-1.0.1.tgz"

tty-browserify@0.0.0:
  version "0.0.0"
  resolved "https://registry.npmjs.org/tty-browserify/-/tty-browserify-0.0.0.tgz"

typescript@^3.1.3:
  version "3.1.3"
  resolved "https://registry.npmjs.org/typescript/-/typescript-3.1.3.tgz"

uglify-js@^2.8.29:
  version "2.8.29"
  resolved "https://registry.npmjs.org/uglify-js/-/uglify-js-2.8.29.tgz"
  dependencies:
    source-map "~0.5.1"
    yargs "~3.10.0"
  optionalDependencies:
    uglify-to-browserify "~1.0.0"

uglify-to-browserify@~1.0.0:
  version "1.0.2"
  resolved "https://registry.npmjs.org/uglify-to-browserify/-/uglify-to-browserify-1.0.2.tgz"

uglifyjs-webpack-plugin@^0.4.6:
  version "0.4.6"
  resolved "https://registry.npmjs.org/uglifyjs-webpack-plugin/-/uglifyjs-webpack-plugin-0.4.6.tgz"
  dependencies:
    source-map "^0.5.6"
    uglify-js "^2.8.29"
    webpack-sources "^1.0.1"

url@^0.11.0:
  version "0.11.0"
  resolved "https://registry.npmjs.org/url/-/url-0.11.0.tgz"
  dependencies:
    punycode "1.3.2"
    querystring "0.2.0"

util-deprecate@~1.0.1:
  version "1.0.2"
  resolved "https://registry.npmjs.org/util-deprecate/-/util-deprecate-1.0.2.tgz"

util@0.10.3, util@^0.10.3:
  version "0.10.3"
  resolved "https://registry.npmjs.org/util/-/util-0.10.3.tgz"
  dependencies:
    inherits "2.0.1"

validate-npm-package-license@^3.0.1:
  version "3.0.1"
  resolved "https://registry.npmjs.org/validate-npm-package-license/-/validate-npm-package-license-3.0.1.tgz"
  dependencies:
    spdx-correct "~1.0.0"
    spdx-expression-parse "~1.0.0"

vm-browserify@0.0.4:
  version "0.0.4"
  resolved "https://registry.npmjs.org/vm-browserify/-/vm-browserify-0.0.4.tgz"
  dependencies:
    indexof "0.0.1"

watchpack@^1.4.0:
  version "1.4.0"
  resolved "https://registry.npmjs.org/watchpack/-/watchpack-1.4.0.tgz"
  dependencies:
    async "^2.1.2"
    chokidar "^1.7.0"
    graceful-fs "^4.1.2"

webpack-sources@^1.0.1:
  version "1.0.1"
  resolved "https://registry.npmjs.org/webpack-sources/-/webpack-sources-1.0.1.tgz"
  dependencies:
    source-list-map "^2.0.0"
    source-map "~0.5.3"

webpack@^3.7.1:
  version "3.7.1"
  resolved "https://registry.npmjs.org/webpack/-/webpack-3.7.1.tgz"
  dependencies:
    acorn "^5.0.0"
    acorn-dynamic-import "^2.0.0"
    ajv "^5.1.5"
    ajv-keywords "^2.0.0"
    async "^2.1.2"
    enhanced-resolve "^3.4.0"
    escope "^3.6.0"
    interpret "^1.0.0"
    json-loader "^0.5.4"
    json5 "^0.5.1"
    loader-runner "^2.3.0"
    loader-utils "^1.1.0"
    memory-fs "~0.4.1"
    mkdirp "~0.5.0"
    node-libs-browser "^2.0.0"
    source-map "^0.5.3"
    supports-color "^4.2.1"
    tapable "^0.2.7"
    uglifyjs-webpack-plugin "^0.4.6"
    watchpack "^1.4.0"
    webpack-sources "^1.0.1"
    yargs "^8.0.2"

which-module@^2.0.0:
  version "2.0.0"
  resolved "https://registry.npmjs.org/which-module/-/which-module-2.0.0.tgz"

which@^1.2.9:
  version "1.3.0"
  resolved "https://registry.npmjs.org/which/-/which-1.3.0.tgz"
  dependencies:
    isexe "^2.0.0"

window-size@0.1.0:
  version "0.1.0"
  resolved "https://registry.npmjs.org/window-size/-/window-size-0.1.0.tgz"

wordwrap@0.0.2:
  version "0.0.2"
  resolved "https://registry.npmjs.org/wordwrap/-/wordwrap-0.0.2.tgz"

wrap-ansi@^2.0.0:
  version "2.1.0"
  resolved "https://registry.npmjs.org/wrap-ansi/-/wrap-ansi-2.1.0.tgz"
  dependencies:
    string-width "^1.0.1"
    strip-ansi "^3.0.1"

xtend@^4.0.0:
  version "4.0.1"
  resolved "https://registry.npmjs.org/xtend/-/xtend-4.0.1.tgz"

y18n@^3.2.1:
  version "3.2.1"
  resolved "https://registry.npmjs.org/y18n/-/y18n-3.2.1.tgz"

yallist@^2.1.2:
  version "2.1.2"
  resolved "https://registry.npmjs.org/yallist/-/yallist-2.1.2.tgz"

yargs-parser@^7.0.0:
  version "7.0.0"
  resolved "https://registry.npmjs.org/yargs-parser/-/yargs-parser-7.0.0.tgz"
  dependencies:
    camelcase "^4.1.0"

yargs@^8.0.2:
  version "8.0.2"
  resolved "https://registry.npmjs.org/yargs/-/yargs-8.0.2.tgz"
  dependencies:
    camelcase "^4.1.0"
    cliui "^3.2.0"
    decamelize "^1.1.1"
    get-caller-file "^1.0.1"
    os-locale "^2.0.0"
    read-pkg-up "^2.0.0"
    require-directory "^2.1.1"
    require-main-filename "^1.0.1"
    set-blocking "^2.0.0"
    string-width "^2.0.0"
    which-module "^2.0.0"
    y18n "^3.2.1"
    yargs-parser "^7.0.0"

yargs@~3.10.0:
  version "3.10.0"
  resolved "https://registry.npmjs.org/yargs/-/yargs-3.10.0.tgz"
  dependencies:
    camelcase "^1.0.2"
    cliui "^2.1.0"
    decamelize "^1.0.0"
    window-size "0.1.0"
